
Microsoft Visual Studio Solution File, Format Version 12.00
# Visual Studio Version 17
VisualStudioVersion = 17.14.36310.24 d17.14
MinimumVisualStudioVersion = 10.0.40219.1
Project("{FAE04EC0-301F-11D3-BF4B-00C04F79EFBC}") = "demo-nunit-framework", "demo-nunit-framework.csproj", "{563C9C88-AD1F-4771-9F91-A57E9D1D4079}"
EndProject
Global
	GlobalSection(SolutionConfigurationPlatforms) = preSolution
		Debug|Any CPU = Debug|Any CPU
		Release|Any CPU = Release|Any CPU
	EndGlobalSection
	GlobalSection(ProjectConfigurationPlatforms) = postSolution
		{563C9C88-AD1F-4771-9F91-A57E9D1D4079}.Debug|Any CPU.ActiveCfg = Debug|Any CPU
		{563C9C88-AD1F-4771-9F91-A57E9D1D4079}.Debug|Any CPU.Build.0 = Debug|Any CPU
		{563C9C88-AD1F-4771-9F91-A57E9D1D4079}.Release|Any CPU.ActiveCfg = Release|Any CPU
		{563C9C88-AD1F-4771-9F91-A57E9D1D4079}.Release|Any CPU.Build.0 = Release|Any CPU
	EndGlobalSection
	GlobalSection(SolutionProperties) = preSolution
		HideSolutionNode = FALSE
	EndGlobalSection
	GlobalSection(ExtensibilityGlobals) = postSolution
		SolutionGuid = {B5E7FF90-079B-45AD-B908-E3B926105D5D}
	EndGlobalSection
EndGlobal
